<?xml version="1.0" encoding="utf-8"?>
<Project ToolsVersion="4.0" xmlns="http://schemas.microsoft.com/developer/msbuild/2003">
  <ItemGroup>
    <Filter Include="Core">
      <UniqueIdentifier>{4FC737F1-C7A5-4376-A066-2A32D752A2FF}</UniqueIdentifier>
      <Extensions>cpp;c;cc;cxx;c++;cppm;ixx;def;odl;idl;hpj;bat;asm;asmx</Extensions>
    </Filter>
    <Filter Include="Math">
      <UniqueIdentifier>{45e825e4-2143-4212-b788-8b9b8a7dfb0d}</UniqueIdentifier>
    </Filter>
    <Filter Include="Renderer">
      <UniqueIdentifier>{8bd06296-58df-4a9f-ae72-b15afa10b680}</UniqueIdentifier>
    </Filter>
    <Filter Include="Input">
      <UniqueIdentifier>{65a4c5e1-3578-4aeb-b8c9-a90d413ef05f}</UniqueIdentifier>
    </Filter>
    <Filter Include="Audio">
      <UniqueIdentifier>{2237e397-d0db-47aa-865f-4f15ae02b751}</UniqueIdentifier>
    </Filter>
    <Filter Include="XML">
      <UniqueIdentifier>{edaa20ab-65f2-4d75-93b7-29ddda6ac380}</UniqueIdentifier>
    </Filter>
    <Filter Include="RendererD12">
      <UniqueIdentifier>{9ad50e56-1a2c-4c6d-8a1e-1c08cda9b16c}</UniqueIdentifier>
    </Filter>
    <Filter Include="RendererD12\Shaders">
      <UniqueIdentifier>{b93fe3e0-0c9a-4b1f-ae89-3882d89a2ca6}</UniqueIdentifier>
    </Filter>
    <Filter Include="RendererD12\ThirdPartyDXRHelpers">
      <UniqueIdentifier>{3aaf8f3c-4619-41a1-bbc1-ca5b6f0ce77b}</UniqueIdentifier>
    </Filter>
    <Filter Include="RendererD12\DXR">
      <UniqueIdentifier>{7d79f7ab-8b43-420f-b5e5-b8a40403ef0e}</UniqueIdentifier>
    </Filter>
  </ItemGroup>
  <ItemGroup>
    <ClCompile Include="Math\Vec2.cpp">
      <Filter>Math</Filter>
    </ClCompile>
    <ClCompile Include="Math\Vec3.cpp">
      <Filter>Math</Filter>
    </ClCompile>
    <ClCompile Include="Math\MathUtils.cpp">
      <Filter>Math</Filter>
    </ClCompile>
    <ClCompile Include="Math\RandomNumberGenerator.cpp">
      <Filter>Math</Filter>
    </ClCompile>
    <ClCompile Include="Renderer\Camera.cpp">
      <Filter>Renderer</Filter>
    </ClCompile>
    <ClCompile Include="Renderer\Renderer.cpp">
      <Filter>Renderer</Filter>
    </ClCompile>
    <ClCompile Include="Core\Rgba8.cpp">
      <Filter>Core</Filter>
    </ClCompile>
    <ClCompile Include="Core\Vertex_PCU.cpp">
      <Filter>Core</Filter>
    </ClCompile>
    <ClCompile Include="Core\VertexUtils.cpp">
      <Filter>Core</Filter>
    </ClCompile>
    <ClCompile Include="Core\ErrorWarningAssert.cpp">
      <Filter>Core</Filter>
    </ClCompile>
    <ClCompile Include="Core\StringUtils.cpp">
      <Filter>Core</Filter>
    </ClCompile>
    <ClCompile Include="Math\AABB2.cpp">
      <Filter>Math</Filter>
    </ClCompile>
    <ClCompile Include="Math\IntVec2.cpp">
      <Filter>Math</Filter>
    </ClCompile>
    <ClCompile Include="Input\KeyButtonState.cpp">
      <Filter>Input</Filter>
    </ClCompile>
    <ClCompile Include="Input\InputSystem.cpp">
      <Filter>Input</Filter>
    </ClCompile>
    <ClCompile Include="Input\AnalogJoystick.cpp">
      <Filter>Input</Filter>
    </ClCompile>
    <ClCompile Include="Input\XboxController.cpp">
      <Filter>Input</Filter>
    </ClCompile>
    <ClCompile Include="Core\Time.cpp">
      <Filter>Core</Filter>
    </ClCompile>
    <ClCompile Include="Audio\AudioSystem.cpp">
      <Filter>Audio</Filter>
    </ClCompile>
    <ClCompile Include="Renderer\Window.cpp">
      <Filter>Renderer</Filter>
    </ClCompile>
    <ClCompile Include="Renderer\Texture.cpp">
      <Filter>Renderer</Filter>
    </ClCompile>
    <ClCompile Include="Math\FloatRange.cpp">
      <Filter>Math</Filter>
    </ClCompile>
    <ClCompile Include="Math\IntRange.cpp">
      <Filter>Math</Filter>
    </ClCompile>
    <ClCompile Include="Math\LineSegment2.cpp">
      <Filter>Math</Filter>
    </ClCompile>
    <ClCompile Include="Math\Capsule2.cpp">
      <Filter>Math</Filter>
    </ClCompile>
    <ClCompile Include="Math\OBB2.cpp">
      <Filter>Math</Filter>
    </ClCompile>
    <ClCompile Include="Renderer\SpriteSheet.cpp">
      <Filter>Renderer</Filter>
    </ClCompile>
    <ClCompile Include="Renderer\SpriteDefinition.cpp">
      <Filter>Renderer</Filter>
    </ClCompile>
    <ClCompile Include="Math\RaycastResult2D.cpp">
      <Filter>Math</Filter>
    </ClCompile>
    <ClCompile Include="Renderer\SimpleTriangleFont.cpp">
      <Filter>Renderer</Filter>
    </ClCompile>
    <ClCompile Include="Math\Mat44.cpp">
      <Filter>Math</Filter>
    </ClCompile>
    <ClCompile Include="Math\Vec4.cpp">
      <Filter>Math</Filter>
    </ClCompile>
    <ClCompile Include="..\ThirdParty\TinyXML2\tinyxml2.cpp">
      <Filter>XML</Filter>
    </ClCompile>
    <ClCompile Include="Core\XmlUtils.cpp">
      <Filter>Core</Filter>
    </ClCompile>
    <ClCompile Include="Core\NamedStrings.cpp">
      <Filter>Core</Filter>
    </ClCompile>
    <ClCompile Include="Core\EngineCommon.cpp">
      <Filter>Core</Filter>
    </ClCompile>
    <ClCompile Include="Renderer\BitmapFont.cpp">
      <Filter>Renderer</Filter>
    </ClCompile>
    <ClCompile Include="Core\HeatMaps.cpp">
      <Filter>Core</Filter>
    </ClCompile>
    <ClCompile Include="Renderer\SpriteAnimDefinition.cpp">
      <Filter>Renderer</Filter>
    </ClCompile>
    <ClCompile Include="Math\EulerAngles.cpp">
      <Filter>Math</Filter>
    </ClCompile>
    <ClCompile Include="Renderer\Shader.cpp">
      <Filter>Renderer</Filter>
    </ClCompile>
    <ClCompile Include="Renderer\VertexBuffer.cpp">
      <Filter>Renderer</Filter>
    </ClCompile>
    <ClCompile Include="Core\FileUtils.cpp">
      <Filter>Core</Filter>
    </ClCompile>
    <ClCompile Include="Renderer\ConstantBuffer.cpp">
      <Filter>Renderer</Filter>
    </ClCompile>
    <ClCompile Include="Renderer\Image.cpp">
      <Filter>Renderer</Filter>
    </ClCompile>
    <ClCompile Include="Core\EventSystem.cpp">
      <Filter>Core</Filter>
    </ClCompile>
    <ClCompile Include="Core\Clock.cpp">
      <Filter>Core</Filter>
    </ClCompile>
    <ClCompile Include="Core\Stopwatch.cpp">
      <Filter>Core</Filter>
    </ClCompile>
    <ClCompile Include="Core\DevConsole.cpp">
      <Filter>Core</Filter>
    </ClCompile>
    <ClCompile Include="Math\AABB3.cpp">
      <Filter>Math</Filter>
    </ClCompile>
    <ClCompile Include="Core\DebugRender.cpp">
      <Filter>Core</Filter>
    </ClCompile>
    <ClCompile Include="Renderer\IndexBuffer.cpp">
      <Filter>Renderer</Filter>
    </ClCompile>
    <ClCompile Include="Core\Vertex_PNCU.cpp">
      <Filter>Core</Filter>
    </ClCompile>
    <ClCompile Include="Math\CubicBezierCurve2D.cpp">
      <Filter>Math</Filter>
    </ClCompile>
    <ClCompile Include="Math\CubicHermiteCurve2D.cpp">
      <Filter>Math</Filter>
    </ClCompile>
    <ClCompile Include="Math\Spline2D.cpp">
      <Filter>Math</Filter>
    </ClCompile>
    <ClCompile Include="Math\IntVec3.cpp">
      <Filter>Math</Filter>
    </ClCompile>
    <ClCompile Include="..\ThirdParty\Squirrel\Noise\RawNoise.cpp">
      <Filter>Math</Filter>
    </ClCompile>
    <ClCompile Include="..\ThirdParty\Squirrel\Noise\SmoothNoise.cpp">
      <Filter>Math</Filter>
    </ClCompile>
    <ClCompile Include="Core\STLUtils.cpp">
      <Filter>Core</Filter>
    </ClCompile>
    <ClCompile Include="Renderer\RenderTextureClass.cpp">
      <Filter>Renderer</Filter>
    </ClCompile>
    <ClCompile Include="Core\JobSystem.cpp">
      <Filter>Core</Filter>
    </ClCompile>
    <ClCompile Include="Renderer\RendererD12.cpp">
      <Filter>RendererD12</Filter>
    </ClCompile>
    <ClCompile Include="Renderer\D12Command.cpp">
      <Filter>RendererD12</Filter>
    </ClCompile>
    <ClCompile Include="Renderer\D12CommonHeader.hpp">
      <Filter>RendererD12</Filter>
    </ClCompile>
    <ClCompile Include="Core\OBJLoader.cpp">
      <Filter>Core</Filter>
    </ClCompile>
    <ClCompile Include="Renderer\D12Resources.cpp">
      <Filter>RendererD12</Filter>
    </ClCompile>
    <ClCompile Include="Renderer\D12Surface.cpp">
      <Filter>RendererD12</Filter>
    </ClCompile>
    <ClCompile Include="Core\NetSystem.cpp">
      <Filter>Core</Filter>
    </ClCompile>
    <ClCompile Include="Renderer\D12Helpers.cpp">
      <Filter>RendererD12</Filter>
    </ClCompile>
    <ClCompile Include="Renderer\D12Shader.cpp">
      <Filter>RendererD12</Filter>
    </ClCompile>
    <ClCompile Include="Renderer\D12ShaderCompilation.cpp">
      <Filter>RendererD12</Filter>
    </ClCompile>
    <ClCompile Include="Renderer\D12GPass.cpp">
      <Filter>RendererD12</Filter>
    </ClCompile>
    <ClCompile Include="Renderer\D12PostProcess.cpp">
      <Filter>RendererD12</Filter>
    </ClCompile>
    <ClCompile Include="Renderer\D12UploadContext.cpp">
      <Filter>RendererD12</Filter>
    </ClCompile>
    <ClCompile Include="Math\Hexagon.cpp">
      <Filter>Math</Filter>
    </ClCompile>
    <ClCompile Include="Renderer\D12Mesh.cpp">
      <Filter>RendererD12</Filter>
    </ClCompile>
    <ClCompile Include="Renderer\D12Content.cpp">
      <Filter>RendererD12</Filter>
    </ClCompile>
    <ClCompile Include="Renderer\RayTracingHelper.cpp">
      <Filter>RendererD12\DXR</Filter>
    </ClCompile>
    <ClCompile Include="Renderer\AccelerationStructureHelper.cpp">
      <Filter>RendererD12\DXR</Filter>
    </ClCompile>
    <ClCompile Include="Core\Vertex_PCUTBN.cpp">
      <Filter>Core</Filter>
    </ClCompile>
    <ClCompile Include="Math\ConvexPoly2D.cpp">
      <Filter>Math</Filter>
    </ClCompile>
    <ClCompile Include="Math\ConvexPoly3D.cpp">
      <Filter>Math</Filter>
    </ClCompile>
    <ClCompile Include="Math\Plane2D.cpp">
      <Filter>Math</Filter>
    </ClCompile>
    <ClCompile Include="Math\Plane3D.cpp">
      <Filter>Math</Filter>
    </ClCompile>
    <ClCompile Include="Math\ConvexHull2D.cpp">
      <Filter>Math</Filter>
    </ClCompile>
    <ClCompile Include="Math\ConvexHull3D.cpp">
      <Filter>Math</Filter>
    </ClCompile>
    <ClCompile Include="Core\BufferUtilies.cpp">
      <Filter>Core</Filter>
    </ClCompile>
    <ClCompile Include="Core\NamedProperties.cpp">
      <Filter>Core</Filter>
    </ClCompile>
    <ClCompile Include="Core\HashedCaseInsensitiveString.cpp">
      <Filter>Core</Filter>
    </ClCompile>
  </ItemGroup>
  <ItemGroup>
    <ClInclude Include="Math\Vec2.hpp">
      <Filter>Math</Filter>
    </ClInclude>
    <ClInclude Include="Math\Vec3.hpp">
      <Filter>Math</Filter>
    </ClInclude>
    <ClInclude Include="Math\MathUtils.hpp">
      <Filter>Math</Filter>
    </ClInclude>
    <ClInclude Include="Math\RandomNumberGenerator.hpp">
      <Filter>Math</Filter>
    </ClInclude>
    <ClInclude Include="Renderer\Camera.hpp">
      <Filter>Renderer</Filter>
    </ClInclude>
    <ClInclude Include="Renderer\Renderer.hpp">
      <Filter>Renderer</Filter>
    </ClInclude>
    <ClInclude Include="Core\Rgba8.hpp">
      <Filter>Core</Filter>
    </ClInclude>
    <ClInclude Include="Core\Vertex_PCU.hpp">
      <Filter>Core</Filter>
    </ClInclude>
    <ClInclude Include="Core\VertexUtils.hpp">
      <Filter>Core</Filter>
    </ClInclude>
    <ClInclude Include="Core\ErrorWarningAssert.hpp">
      <Filter>Core</Filter>
    </ClInclude>
    <ClInclude Include="Core\StringUtils.hpp">
      <Filter>Core</Filter>
    </ClInclude>
    <ClInclude Include="Math\AABB2.hpp">
      <Filter>Math</Filter>
    </ClInclude>
    <ClInclude Include="Math\IntVec2.hpp">
      <Filter>Math</Filter>
    </ClInclude>
    <ClInclude Include="Input\AnalogJoystick.hpp">
      <Filter>Input</Filter>
    </ClInclude>
    <ClInclude Include="Input\InputSystem.hpp">
      <Filter>Input</Filter>
    </ClInclude>
    <ClInclude Include="Input\KeyButtonState.hpp">
      <Filter>Input</Filter>
    </ClInclude>
    <ClInclude Include="Input\XboxController.hpp">
      <Filter>Input</Filter>
    </ClInclude>
    <ClInclude Include="Core\Time.hpp">
      <Filter>Core</Filter>
    </ClInclude>
    <ClInclude Include="Audio\AudioSystem.hpp">
      <Filter>Audio</Filter>
    </ClInclude>
    <ClInclude Include="..\ThirdParty\fmod\fmod.h">
      <Filter>Audio</Filter>
    </ClInclude>
    <ClInclude Include="..\ThirdParty\fmod\fmod.hpp">
      <Filter>Audio</Filter>
    </ClInclude>
    <ClInclude Include="..\ThirdParty\fmod\fmod_codec.h">
      <Filter>Audio</Filter>
    </ClInclude>
    <ClInclude Include="..\ThirdParty\fmod\fmod_common.h">
      <Filter>Audio</Filter>
    </ClInclude>
    <ClInclude Include="..\ThirdParty\fmod\fmod_dsp.h">
      <Filter>Audio</Filter>
    </ClInclude>
    <ClInclude Include="..\ThirdParty\fmod\fmod_dsp_effects.h">
      <Filter>Audio</Filter>
    </ClInclude>
    <ClInclude Include="..\ThirdParty\fmod\fmod_errors.h">
      <Filter>Audio</Filter>
    </ClInclude>
    <ClInclude Include="..\ThirdParty\fmod\fmod_output.h">
      <Filter>Audio</Filter>
    </ClInclude>
    <ClInclude Include="Renderer\Window.hpp">
      <Filter>Renderer</Filter>
    </ClInclude>
    <ClInclude Include="Renderer\Texture.hpp">
      <Filter>Renderer</Filter>
    </ClInclude>
    <ClInclude Include="Math\FloatRange.hpp">
      <Filter>Math</Filter>
    </ClInclude>
    <ClInclude Include="Math\IntRange.hpp">
      <Filter>Math</Filter>
    </ClInclude>
    <ClInclude Include="Math\LineSegment2.hpp">
      <Filter>Math</Filter>
    </ClInclude>
    <ClInclude Include="Math\Capsule2.hpp">
      <Filter>Math</Filter>
    </ClInclude>
    <ClInclude Include="Math\OBB2.hpp">
      <Filter>Math</Filter>
    </ClInclude>
    <ClInclude Include="Renderer\SpriteSheet.hpp">
      <Filter>Renderer</Filter>
    </ClInclude>
    <ClInclude Include="Renderer\SpriteDefinition.hpp">
      <Filter>Renderer</Filter>
    </ClInclude>
    <ClInclude Include="Math\RaycastResult2D.hpp">
      <Filter>Math</Filter>
    </ClInclude>
    <ClInclude Include="Renderer\SimpleTriangleFont.hpp">
      <Filter>Renderer</Filter>
    </ClInclude>
    <ClInclude Include="Math\Mat44.hpp">
      <Filter>Math</Filter>
    </ClInclude>
    <ClInclude Include="Math\Vec4.hpp">
      <Filter>Math</Filter>
    </ClInclude>
    <ClInclude Include="..\ThirdParty\TinyXML2\tinyxml2.h">
      <Filter>XML</Filter>
    </ClInclude>
    <ClInclude Include="Core\XmlUtils.hpp">
      <Filter>Core</Filter>
    </ClInclude>
    <ClInclude Include="Core\NamedStrings.hpp">
      <Filter>Core</Filter>
    </ClInclude>
    <ClInclude Include="Core\EngineCommon.hpp">
      <Filter>Core</Filter>
    </ClInclude>
    <ClInclude Include="Renderer\BitmapFont.hpp">
      <Filter>Renderer</Filter>
    </ClInclude>
    <ClInclude Include="Core\HeatMaps.hpp">
      <Filter>Core</Filter>
    </ClInclude>
    <ClInclude Include="Renderer\SpriteAnimDefinition.hpp">
      <Filter>Renderer</Filter>
    </ClInclude>
    <ClInclude Include="Math\EulerAngles.hpp">
      <Filter>Math</Filter>
    </ClInclude>
    <ClInclude Include="Renderer\Shader.hpp">
      <Filter>Renderer</Filter>
    </ClInclude>
    <ClInclude Include="Renderer\VertexBuffer.hpp">
      <Filter>Renderer</Filter>
    </ClInclude>
    <ClInclude Include="Core\FileUtils.hpp">
      <Filter>Core</Filter>
    </ClInclude>
    <ClInclude Include="Renderer\ConstantBuffer.hpp">
      <Filter>Renderer</Filter>
    </ClInclude>
    <ClInclude Include="Renderer\DefaultShader.hpp">
      <Filter>Renderer</Filter>
    </ClInclude>
    <ClInclude Include="Renderer\Image.hpp">
      <Filter>Renderer</Filter>
    </ClInclude>
    <ClInclude Include="Core\EventSystem.hpp">
      <Filter>Core</Filter>
    </ClInclude>
    <ClInclude Include="Core\Clock.hpp">
      <Filter>Core</Filter>
    </ClInclude>
    <ClInclude Include="Core\Stopwatch.hpp">
      <Filter>Core</Filter>
    </ClInclude>
    <ClInclude Include="Core\DevConsole.hpp">
      <Filter>Core</Filter>
    </ClInclude>
    <ClInclude Include="Math\AABB3.hpp">
      <Filter>Math</Filter>
    </ClInclude>
    <ClInclude Include="Core\DebugRender.hpp">
      <Filter>Core</Filter>
    </ClInclude>
    <ClInclude Include="Renderer\IndexBuffer.hpp">
      <Filter>Renderer</Filter>
    </ClInclude>
    <ClInclude Include="Core\Vertex_PNCU.hpp">
      <Filter>Core</Filter>
    </ClInclude>
    <ClInclude Include="Renderer\SpriteLit.hpp">
      <Filter>Renderer</Filter>
    </ClInclude>
    <ClInclude Include="Math\CubicBezierCurve2D.hpp">
      <Filter>Math</Filter>
    </ClInclude>
    <ClInclude Include="Math\CubicHermiteCurve2D.hpp">
      <Filter>Math</Filter>
    </ClInclude>
    <ClInclude Include="Math\Spline2D.hpp">
      <Filter>Math</Filter>
    </ClInclude>
    <ClInclude Include="Math\IntVec3.hpp">
      <Filter>Math</Filter>
    </ClInclude>
    <ClInclude Include="..\ThirdParty\Squirrel\Noise\RawNoise.hpp">
      <Filter>Math</Filter>
    </ClInclude>
    <ClInclude Include="..\ThirdParty\Squirrel\Noise\SmoothNoise.hpp">
      <Filter>Math</Filter>
    </ClInclude>
    <ClInclude Include="Core\STLUtils.hpp">
      <Filter>Core</Filter>
    </ClInclude>
    <ClInclude Include="Renderer\RenderTextureClass.hpp">
      <Filter>Renderer</Filter>
    </ClInclude>
    <ClInclude Include="Core\JobSystem.hpp">
      <Filter>Core</Filter>
    </ClInclude>
    <ClInclude Include="Renderer\RendererD12.hpp">
      <Filter>RendererD12</Filter>
    </ClInclude>
    <ClInclude Include="Renderer\D12Command.hpp">
      <Filter>RendererD12</Filter>
    </ClInclude>
    <ClInclude Include="Core\OBJLoader.hpp">
      <Filter>Core</Filter>
    </ClInclude>
    <ClInclude Include="Renderer\D12Resources.hpp">
      <Filter>RendererD12</Filter>
    </ClInclude>
    <ClInclude Include="Renderer\D12Surface.hpp">
      <Filter>RendererD12</Filter>
    </ClInclude>
    <ClInclude Include="Core\NetSystem.hpp">
      <Filter>Core</Filter>
    </ClInclude>
    <ClInclude Include="Renderer\D12Helpers.hpp">
      <Filter>RendererD12</Filter>
    </ClInclude>
    <ClInclude Include="Renderer\D12Shader.hpp">
      <Filter>RendererD12</Filter>
    </ClInclude>
    <ClInclude Include="Renderer\D12ShaderCompilation.hpp">
      <Filter>RendererD12</Filter>
    </ClInclude>
    <ClInclude Include="Renderer\D12GPass.hpp">
      <Filter>RendererD12</Filter>
    </ClInclude>
    <ClInclude Include="Renderer\D12PostProcess.hpp">
      <Filter>RendererD12</Filter>
    </ClInclude>
    <ClInclude Include="Renderer\D12UploadContext.hpp">
      <Filter>RendererD12</Filter>
    </ClInclude>
    <ClInclude Include="Math\Hexagon.hpp">
      <Filter>Math</Filter>
    </ClInclude>
    <ClInclude Include="Renderer\D12Mesh.hpp">
      <Filter>RendererD12</Filter>
    </ClInclude>
    <ClInclude Include="Renderer\D12Content.hpp">
      <Filter>RendererD12</Filter>
    </ClInclude>
    <ClInclude Include="Renderer\RayTracingHelper.hpp">
      <Filter>RendererD12\DXR</Filter>
    </ClInclude>
    <ClInclude Include="Renderer\AccelerationStructureHelper.hpp">
      <Filter>RendererD12\DXR</Filter>
    </ClInclude>
    <ClInclude Include="Core\Vertex_PCUTBN.hpp">
      <Filter>Core</Filter>
    </ClInclude>
    <ClInclude Include="Math\ConvexPoly2D.hpp">
      <Filter>Math</Filter>
    </ClInclude>
    <ClInclude Include="Math\ConvexPoly3D.hpp">
      <Filter>Math</Filter>
    </ClInclude>
    <ClInclude Include="Math\Plane2D.hpp">
      <Filter>Math</Filter>
    </ClInclude>
    <ClInclude Include="Math\Plane3D.hpp">
      <Filter>Math</Filter>
    </ClInclude>
    <ClInclude Include="Math\ConvexHull2D.hpp">
      <Filter>Math</Filter>
    </ClInclude>
    <ClInclude Include="Math\ConvexHull3D.hpp">
      <Filter>Math</Filter>
    </ClInclude>
    <ClInclude Include="Core\BufferUtilies.hpp">
      <Filter>Core</Filter>
    </ClInclude>
    <ClInclude Include="Core\NamedProperties.hpp">
      <Filter>Core</Filter>
    </ClInclude>
    <ClInclude Include="Core\HashedCaseInsensitiveString.hpp">
      <Filter>Core</Filter>
    </ClInclude>
  </ItemGroup>
</Project>